
Microsoft Visual Studio Solution File, Format Version 12.00
# Visual Studio Version 16
VisualStudioVersion = 16.0.31205.134
MinimumVisualStudioVersion = 10.0.40219.1
Project("{F184B08F-C81C-45F6-A57F-5ABD9991F28F}") = "Controle Arduino Desktop", "Controle Arduino Desktop\Controle Arduino Desktop.vbproj", "{C8275E34-552C-4672-BCB7-86F6ECF14704}"
EndProject
Global
	GlobalSection(SolutionConfigurationPlatforms) = preSolution
		Debug|Any CPU = Debug|Any CPU
		Release|Any CPU = Release|Any CPU
	EndGlobalSection
	GlobalSection(ProjectConfigurationPlatforms) = postSolution
		{C8275E34-552C-4672-BCB7-86F6ECF14704}.Debug|Any CPU.ActiveCfg = Debug|Any CPU
		{C8275E34-552C-4672-BCB7-86F6ECF14704}.Debug|Any CPU.Build.0 = Debug|Any CPU
		{C8275E34-552C-4672-BCB7-86F6ECF14704}.Release|Any CPU.ActiveCfg = Release|Any CPU
		{C8275E34-552C-4672-BCB7-86F6ECF14704}.Release|Any CPU.Build.0 = Release|Any CPU
	EndGlobalSection
	GlobalSection(SolutionProperties) = preSolution
		HideSolutionNode = FALSE
	EndGlobalSection
	GlobalSection(ExtensibilityGlobals) = postSolution
		SolutionGuid = {6106D4E0-FA61-4BD3-B6E2-B2A552ED3048}
	EndGlobalSection
EndGlobal
