
Microsoft Visual Studio Solution File, Format Version 12.00
# Visual Studio Version 16
VisualStudioVersion = 16.0.31205.134
MinimumVisualStudioVersion = 10.0.40219.1
Project("{9A19103F-16F7-4668-BE54-9A1E7A4F7556}") = "Controle-Arduino-Desktop-C-SHARP", "Controle Arduino Desktop C-SHARP\Controle-Arduino-Desktop-C-SHARP.csproj", "{3A486948-2012-492A-8B31-6CCD8643007B}"
EndProject
Global
	GlobalSection(SolutionConfigurationPlatforms) = preSolution
		Debug|Any CPU = Debug|Any CPU
		Release|Any CPU = Release|Any CPU
	EndGlobalSection
	GlobalSection(ProjectConfigurationPlatforms) = postSolution
		{3A486948-2012-492A-8B31-6CCD8643007B}.Debug|Any CPU.ActiveCfg = Debug|Any CPU
		{3A486948-2012-492A-8B31-6CCD8643007B}.Debug|Any CPU.Build.0 = Debug|Any CPU
		{3A486948-2012-492A-8B31-6CCD8643007B}.Release|Any CPU.ActiveCfg = Release|Any CPU
		{3A486948-2012-492A-8B31-6CCD8643007B}.Release|Any CPU.Build.0 = Release|Any CPU
	EndGlobalSection
	GlobalSection(SolutionProperties) = preSolution
		HideSolutionNode = FALSE
	EndGlobalSection
	GlobalSection(ExtensibilityGlobals) = postSolution
		SolutionGuid = {C6F11975-DC6E-4250-AAE2-F50676350602}
	EndGlobalSection
EndGlobal
